{
  "name": "es-viz",
  "version": "0.1.0",
  "lockfileVersion": 1,
  "requires": true,
  "dependencies": {
    "ast-reducer": {
      "version": "0.1.1",
      "resolved": "https://registry.npmjs.org/ast-reducer/-/ast-reducer-0.1.1.tgz",
      "integrity": "sha512-M2uAhEAf/laGLWTFcZEk93XQzy4dfojrZF3p3r95uJE6/zrNqpyVGZ704ReZIFRxZ9MAMCfHpeoxZVh2CSy4/w==",
      "requires": {
        "node-define-error": "0.1.1"
      }
    },
    "esprima": {
      "version": "4.0.0",
      "resolved": "https://registry.npmjs.org/esprima/-/esprima-4.0.0.tgz",
      "integrity": "sha512-oftTcaMu/EGrEIu904mWteKIv8vMuOgGYo7EhVJJN00R/EED9DCua/xxHRdYnKtcECzVg7xOWhflvJMnqcFZjw=="
    },
    "node-define-error": {
      "version": "0.1.1",
      "resolved": "https://registry.npmjs.org/node-define-error/-/node-define-error-0.1.1.tgz",
      "integrity": "sha512-hf9mvz4EmuGJK6yFunVJfsFKZPjVfbiCy9WLruMCcZBZ4YnlaxBy2wsbPJjzYN9n0aaMcbSE9zgA+Ss+gCrTPQ=="
    }
  }
}
